
Microsoft Visual Studio Solution File, Format Version 12.00
# Visual Studio Version 16
VisualStudioVersion = 16.0.30114.105
MinimumVisualStudioVersion = 10.0.40219.1
Project("{FAE04EC0-301F-11D3-BF4B-00C04F79EFBC}") = "MyMath", "MyMath\MyMath.csproj", "{913ED072-4FA1-4899-832E-D9BA5EB68A8F}"
EndProject
Project("{FAE04EC0-301F-11D3-BF4B-00C04F79EFBC}") = "MyMath.Tests", "MyMath.Tests\MyMath.Tests.csproj", "{50FAF586-53E7-4405-A438-A177629F3595}"
EndProject
Global
	GlobalSection(SolutionConfigurationPlatforms) = preSolution
		Debug|Any CPU = Debug|Any CPU
		Release|Any CPU = Release|Any CPU
	EndGlobalSection
	GlobalSection(SolutionProperties) = preSolution
		HideSolutionNode = FALSE
	EndGlobalSection
	GlobalSection(ProjectConfigurationPlatforms) = postSolution
		{913ED072-4FA1-4899-832E-D9BA5EB68A8F}.Debug|Any CPU.ActiveCfg = Debug|Any CPU
		{913ED072-4FA1-4899-832E-D9BA5EB68A8F}.Debug|Any CPU.Build.0 = Debug|Any CPU
		{913ED072-4FA1-4899-832E-D9BA5EB68A8F}.Release|Any CPU.ActiveCfg = Release|Any CPU
		{913ED072-4FA1-4899-832E-D9BA5EB68A8F}.Release|Any CPU.Build.0 = Release|Any CPU
		{50FAF586-53E7-4405-A438-A177629F3595}.Debug|Any CPU.ActiveCfg = Debug|Any CPU
		{50FAF586-53E7-4405-A438-A177629F3595}.Debug|Any CPU.Build.0 = Debug|Any CPU
		{50FAF586-53E7-4405-A438-A177629F3595}.Release|Any CPU.ActiveCfg = Release|Any CPU
		{50FAF586-53E7-4405-A438-A177629F3595}.Release|Any CPU.Build.0 = Release|Any CPU
	EndGlobalSection
EndGlobal
